github.com/davecgh/go-spew v1.1.1 h1:vj9j/u1bqnvCEfJOwUhtlOARqs3+rkHYY13jYWTU97c=
github.com/grobinson-grafana/matchers v0.0.0-20230608152622-75a5eb70e9e6 h1:yrHQJ5sk3lOxPBKilkrAE2eFjJ5eY143ojz/h+2bHtU=
github.com/grobinson-grafana/matchers v0.0.0-20230608152622-75a5eb70e9e6/go.mod h1:HE5p32VRCQh3pch31pHTuVxkvd/efaTDr/ggt2qtoxE=
github.com/pkg/errors v0.9.1 h1:FEBLx1zS214owpjy7qsBeixbURkuhQAwrK5UwLGTwt4=
github.com/pkg/errors v0.9.1/go.mod h1:bwawxfHBFNV+L2hUp1rHADufV3IMtnDRdf1r5NINEl0=
github.com/pmezard/go-difflib v1.0.0 h1:4DBwDE0NGyQoBHbLQYPwSUPoCMWR5BEzIk/f1lZbAQM=
github.com/prometheus/alertmanager v0.25.0 h1:vbXKUR6PYRiZPRIKfmXaG+dmCKG52RtPL4Btl8hQGvg=
github.com/prometheus/alertmanager v0.25.0/go.mod h1:MEZ3rFVHqKZsw7IcNS/m4AWZeXThmJhumpiWR4eHU/w=
github.com/prometheus/common v0.42.0 h1:EKsfXEYo4JpWMHH5cg+KOUWeuJSov1Id8zGR8eeI1YM=
github.com/prometheus/common v0.42.0/go.mod h1:xBwqVerjNdUDjgODMpudtOMwlOwf2SaTr1yjz4b7Zbc=
github.com/stretchr/testify v1.8.2 h1:+h33VjcLVPDHtOdpUCuF+7gSuG3yGIftsP1YvFihtJ8=
gopkg.in/yaml.v3 v3.0.1 h1:fxVm/GzAzEWqLHuvctI91KS9hhNmmWOoWu0XTYJS7CA=
